
Microsoft Visual Studio Solution File, Format Version 12.00
# Visual Studio Version 16
VisualStudioVersion = 16.0.29911.84
MinimumVisualStudioVersion = 10.0.40219.1
Project("{9A19103F-16F7-4668-BE54-9A1E7A4F7556}") = "DotNetMovies", "DotNetMovies\DotNetMovies.csproj", "{9110513F-035F-4C4C-B2CD-4B01EE6C14A9}"
EndProject
Project("{9A19103F-16F7-4668-BE54-9A1E7A4F7556}") = "DotNetMovieCore", "DotNetMovieCore\DotNetMovieCore.csproj", "{42BC0E85-0663-43D5-899F-2ED6E2CB92B7}"
EndProject
Project("{9A19103F-16F7-4668-BE54-9A1E7A4F7556}") = "Test", "Test\Test.csproj", "{2DDB71CF-0C09-49E3-B8B8-19A0912314A6}"
EndProject
Global
	GlobalSection(SolutionConfigurationPlatforms) = preSolution
		Debug|Any CPU = Debug|Any CPU
		Debug|x64 = Debug|x64
		Release|Any CPU = Release|Any CPU
		Release|x64 = Release|x64
	EndGlobalSection
	GlobalSection(ProjectConfigurationPlatforms) = postSolution
		{9110513F-035F-4C4C-B2CD-4B01EE6C14A9}.Debug|Any CPU.ActiveCfg = Debug|Any CPU
		{9110513F-035F-4C4C-B2CD-4B01EE6C14A9}.Debug|Any CPU.Build.0 = Debug|Any CPU
		{9110513F-035F-4C4C-B2CD-4B01EE6C14A9}.Debug|x64.ActiveCfg = Debug|x64
		{9110513F-035F-4C4C-B2CD-4B01EE6C14A9}.Debug|x64.Build.0 = Debug|x64
		{9110513F-035F-4C4C-B2CD-4B01EE6C14A9}.Release|Any CPU.ActiveCfg = Release|Any CPU
		{9110513F-035F-4C4C-B2CD-4B01EE6C14A9}.Release|Any CPU.Build.0 = Release|Any CPU
		{9110513F-035F-4C4C-B2CD-4B01EE6C14A9}.Release|x64.ActiveCfg = Release|x64
		{9110513F-035F-4C4C-B2CD-4B01EE6C14A9}.Release|x64.Build.0 = Release|x64
		{42BC0E85-0663-43D5-899F-2ED6E2CB92B7}.Debug|Any CPU.ActiveCfg = Debug|Any CPU
		{42BC0E85-0663-43D5-899F-2ED6E2CB92B7}.Debug|Any CPU.Build.0 = Debug|Any CPU
		{42BC0E85-0663-43D5-899F-2ED6E2CB92B7}.Debug|x64.ActiveCfg = Debug|x64
		{42BC0E85-0663-43D5-899F-2ED6E2CB92B7}.Debug|x64.Build.0 = Debug|x64
		{42BC0E85-0663-43D5-899F-2ED6E2CB92B7}.Release|Any CPU.ActiveCfg = Release|Any CPU
		{42BC0E85-0663-43D5-899F-2ED6E2CB92B7}.Release|Any CPU.Build.0 = Release|Any CPU
		{42BC0E85-0663-43D5-899F-2ED6E2CB92B7}.Release|x64.ActiveCfg = Release|x64
		{42BC0E85-0663-43D5-899F-2ED6E2CB92B7}.Release|x64.Build.0 = Release|x64
		{2DDB71CF-0C09-49E3-B8B8-19A0912314A6}.Debug|Any CPU.ActiveCfg = Debug|Any CPU
		{2DDB71CF-0C09-49E3-B8B8-19A0912314A6}.Debug|Any CPU.Build.0 = Debug|Any CPU
		{2DDB71CF-0C09-49E3-B8B8-19A0912314A6}.Debug|x64.ActiveCfg = Debug|x64
		{2DDB71CF-0C09-49E3-B8B8-19A0912314A6}.Debug|x64.Build.0 = Debug|x64
		{2DDB71CF-0C09-49E3-B8B8-19A0912314A6}.Release|Any CPU.ActiveCfg = Release|Any CPU
		{2DDB71CF-0C09-49E3-B8B8-19A0912314A6}.Release|Any CPU.Build.0 = Release|Any CPU
		{2DDB71CF-0C09-49E3-B8B8-19A0912314A6}.Release|x64.ActiveCfg = Release|x64
		{2DDB71CF-0C09-49E3-B8B8-19A0912314A6}.Release|x64.Build.0 = Release|x64
	EndGlobalSection
	GlobalSection(SolutionProperties) = preSolution
		HideSolutionNode = FALSE
	EndGlobalSection
	GlobalSection(ExtensibilityGlobals) = postSolution
		SolutionGuid = {149DCC31-CAE0-4B55-A9D2-D31429898A95}
	EndGlobalSection
EndGlobal
